
Microsoft Visual Studio Solution File, Format Version 12.00
# Visual Studio Version 17
VisualStudioVersion = 17.5.002.0
MinimumVisualStudioVersion = 10.0.40219.1
Project("{2150E333-8FDC-42A3-9474-1A3956D46DE8}") = "modul16", "modul16", "{D14225B7-ECDA-474B-9610-E6104B57B64E}"
EndProject
Project("{9A19103F-16F7-4668-BE54-9A1E7A4F7556}") = "HashedPassword", "modul16\password-hashing\HashedPassword.csproj", "{1D19DCBA-2A9C-43B6-9E0A-8123F254C7E1}"
EndProject
Project("{9A19103F-16F7-4668-BE54-9A1E7A4F7556}") = "secure-api", "modul16\unsecure-api\secure-api.csproj", "{4F129861-8379-43FE-9F08-52CDEE52A99F}"
EndProject
Global
	GlobalSection(SolutionConfigurationPlatforms) = preSolution
		Debug|Any CPU = Debug|Any CPU
		Release|Any CPU = Release|Any CPU
	EndGlobalSection
	GlobalSection(ProjectConfigurationPlatforms) = postSolution
		{1D19DCBA-2A9C-43B6-9E0A-8123F254C7E1}.Debug|Any CPU.ActiveCfg = Debug|Any CPU
		{1D19DCBA-2A9C-43B6-9E0A-8123F254C7E1}.Debug|Any CPU.Build.0 = Debug|Any CPU
		{1D19DCBA-2A9C-43B6-9E0A-8123F254C7E1}.Release|Any CPU.ActiveCfg = Release|Any CPU
		{1D19DCBA-2A9C-43B6-9E0A-8123F254C7E1}.Release|Any CPU.Build.0 = Release|Any CPU
		{4F129861-8379-43FE-9F08-52CDEE52A99F}.Debug|Any CPU.ActiveCfg = Debug|Any CPU
		{4F129861-8379-43FE-9F08-52CDEE52A99F}.Debug|Any CPU.Build.0 = Debug|Any CPU
		{4F129861-8379-43FE-9F08-52CDEE52A99F}.Release|Any CPU.ActiveCfg = Release|Any CPU
		{4F129861-8379-43FE-9F08-52CDEE52A99F}.Release|Any CPU.Build.0 = Release|Any CPU
	EndGlobalSection
	GlobalSection(SolutionProperties) = preSolution
		HideSolutionNode = FALSE
	EndGlobalSection
	GlobalSection(NestedProjects) = preSolution
		{1D19DCBA-2A9C-43B6-9E0A-8123F254C7E1} = {D14225B7-ECDA-474B-9610-E6104B57B64E}
		{4F129861-8379-43FE-9F08-52CDEE52A99F} = {D14225B7-ECDA-474B-9610-E6104B57B64E}
	EndGlobalSection
	GlobalSection(ExtensibilityGlobals) = postSolution
		SolutionGuid = {671C96BC-C54E-4F1D-94AC-A5223502B2EB}
	EndGlobalSection
EndGlobal
