
Microsoft Visual Studio Solution File, Format Version 12.00
# Visual Studio Version 17
VisualStudioVersion = 17.5.002.0
MinimumVisualStudioVersion = 10.0.40219.1
Project("{9A19103F-16F7-4668-BE54-9A1E7A4F7556}") = "sortering", "sortering.csproj", "{D95DB106-AD2D-4CE6-8A3A-ADAB5685B0AB}"
EndProject
Global
	GlobalSection(SolutionConfigurationPlatforms) = preSolution
		Debug|Any CPU = Debug|Any CPU
		Release|Any CPU = Release|Any CPU
	EndGlobalSection
	GlobalSection(ProjectConfigurationPlatforms) = postSolution
		{D95DB106-AD2D-4CE6-8A3A-ADAB5685B0AB}.Debug|Any CPU.ActiveCfg = Debug|Any CPU
		{D95DB106-AD2D-4CE6-8A3A-ADAB5685B0AB}.Debug|Any CPU.Build.0 = Debug|Any CPU
		{D95DB106-AD2D-4CE6-8A3A-ADAB5685B0AB}.Release|Any CPU.ActiveCfg = Release|Any CPU
		{D95DB106-AD2D-4CE6-8A3A-ADAB5685B0AB}.Release|Any CPU.Build.0 = Release|Any CPU
	EndGlobalSection
	GlobalSection(SolutionProperties) = preSolution
		HideSolutionNode = FALSE
	EndGlobalSection
	GlobalSection(ExtensibilityGlobals) = postSolution
		SolutionGuid = {2A3B32E6-3B09-45E2-BF9A-6633270F4BAB}
	EndGlobalSection
EndGlobal
